
Microsoft Visual Studio Solution File, Format Version 12.00
# Visual Studio Version 16
VisualStudioVersion = 16.0.31105.61
MinimumVisualStudioVersion = 10.0.40219.1
Project("{FAE04EC0-301F-11D3-BF4B-00C04F79EFBC}") = "SDV601 App", "SDV601 App\SDV601 App.csproj", "{817674B8-A365-47CA-AEC1-6A36012BA394}"
EndProject
Global
	GlobalSection(SolutionConfigurationPlatforms) = preSolution
		Debug|Any CPU = Debug|Any CPU
		Release|Any CPU = Release|Any CPU
	EndGlobalSection
	GlobalSection(ProjectConfigurationPlatforms) = postSolution
		{817674B8-A365-47CA-AEC1-6A36012BA394}.Debug|Any CPU.ActiveCfg = Debug|Any CPU
		{817674B8-A365-47CA-AEC1-6A36012BA394}.Debug|Any CPU.Build.0 = Debug|Any CPU
		{817674B8-A365-47CA-AEC1-6A36012BA394}.Release|Any CPU.ActiveCfg = Release|Any CPU
		{817674B8-A365-47CA-AEC1-6A36012BA394}.Release|Any CPU.Build.0 = Release|Any CPU
	EndGlobalSection
	GlobalSection(SolutionProperties) = preSolution
		HideSolutionNode = FALSE
	EndGlobalSection
	GlobalSection(ExtensibilityGlobals) = postSolution
		SolutionGuid = {E7EAB98F-C745-49D7-BD35-768D3E11CFF4}
	EndGlobalSection
EndGlobal
